
Microsoft Visual Studio Solution File, Format Version 12.00
# Visual Studio Version 16
VisualStudioVersion = 16.0.30621.155
MinimumVisualStudioVersion = 10.0.40219.1
Project("{FAE04EC0-301F-11D3-BF4B-00C04F79EFBC}") = "JwtAuth_", "JwtAuth_\JwtAuth_.csproj", "{934A5ED9-98DA-457D-A34D-CB35E42CD013}"
EndProject
Global
	GlobalSection(SolutionConfigurationPlatforms) = preSolution
		Debug|Any CPU = Debug|Any CPU
		Release|Any CPU = Release|Any CPU
	EndGlobalSection
	GlobalSection(ProjectConfigurationPlatforms) = postSolution
		{934A5ED9-98DA-457D-A34D-CB35E42CD013}.Debug|Any CPU.ActiveCfg = Debug|Any CPU
		{934A5ED9-98DA-457D-A34D-CB35E42CD013}.Debug|Any CPU.Build.0 = Debug|Any CPU
		{934A5ED9-98DA-457D-A34D-CB35E42CD013}.Release|Any CPU.ActiveCfg = Release|Any CPU
		{934A5ED9-98DA-457D-A34D-CB35E42CD013}.Release|Any CPU.Build.0 = Release|Any CPU
	EndGlobalSection
	GlobalSection(SolutionProperties) = preSolution
		HideSolutionNode = FALSE
	EndGlobalSection
	GlobalSection(ExtensibilityGlobals) = postSolution
		SolutionGuid = {99564817-D38E-4730-A353-797D4BF5A078}
	EndGlobalSection
EndGlobal
